
Microsoft Visual Studio Solution File, Format Version 12.00
# Visual Studio 15
VisualStudioVersion = 15.0.28010.2003
MinimumVisualStudioVersion = 10.0.40219.1
Project("{FAE04EC0-301F-11D3-BF4B-00C04F79EFBC}") = "ModernBOSShopApp", "ModernBOSShopApp\ModernBOSShopApp.csproj", "{F287A95C-04F9-49A2-B15F-98A6F94E1ACF}"
EndProject
Global
	GlobalSection(SolutionConfigurationPlatforms) = preSolution
		Debug|Any CPU = Debug|Any CPU
		Release|Any CPU = Release|Any CPU
	EndGlobalSection
	GlobalSection(ProjectConfigurationPlatforms) = postSolution
		{F287A95C-04F9-49A2-B15F-98A6F94E1ACF}.Debug|Any CPU.ActiveCfg = Debug|Any CPU
		{F287A95C-04F9-49A2-B15F-98A6F94E1ACF}.Debug|Any CPU.Build.0 = Debug|Any CPU
		{F287A95C-04F9-49A2-B15F-98A6F94E1ACF}.Release|Any CPU.ActiveCfg = Release|Any CPU
		{F287A95C-04F9-49A2-B15F-98A6F94E1ACF}.Release|Any CPU.Build.0 = Release|Any CPU
	EndGlobalSection
	GlobalSection(SolutionProperties) = preSolution
		HideSolutionNode = FALSE
	EndGlobalSection
	GlobalSection(ExtensibilityGlobals) = postSolution
		SolutionGuid = {90C0BF3C-BE02-4792-8684-DF7B7BE40C1D}
	EndGlobalSection
EndGlobal
